github.com/dswarbrick/smart v0.0.0-20230625164221-6fe037e2b05f h1:ma4Mjvr6TZgnXBOxvJz9wLb7tyhyZjIlmJEH1VjYmco=
github.com/dswarbrick/smart v0.0.0-20230625164221-6fe037e2b05f/go.mod h1:KtomanZLCIyvU1AoVYIGAhxSlSJNxF1A3u+1bt7pCpI=
golang.org/x/sys v0.40.0 h1:DBZZqJ2Rkml6QMQsZywtnjnnGvHza6BTfYFWY9kjEWQ=
golang.org/x/sys v0.40.0/go.mod h1:OgkHotnGiDImocRcuBABYBEXf8A9a87e/uXjp9XT3ks=
